
Microsoft Visual Studio Solution File, Format Version 12.00
# Visual Studio 15
VisualStudioVersion = 15.0.27703.2047
MinimumVisualStudioVersion = 10.0.40219.1
Project("{FAE04EC0-301F-11D3-BF4B-00C04F79EFBC}") = "PPFSM", "PPFSM\PPFSM.csproj", "{6769095E-8F4B-4AE2-8A7D-DA6C635AE314}"
EndProject
Global
	GlobalSection(SolutionConfigurationPlatforms) = preSolution
		Debug|Any CPU = Debug|Any CPU
		Release|Any CPU = Release|Any CPU
	EndGlobalSection
	GlobalSection(ProjectConfigurationPlatforms) = postSolution
		{6769095E-8F4B-4AE2-8A7D-DA6C635AE314}.Debug|Any CPU.ActiveCfg = Debug|Any CPU
		{6769095E-8F4B-4AE2-8A7D-DA6C635AE314}.Debug|Any CPU.Build.0 = Debug|Any CPU
		{6769095E-8F4B-4AE2-8A7D-DA6C635AE314}.Release|Any CPU.ActiveCfg = Release|Any CPU
		{6769095E-8F4B-4AE2-8A7D-DA6C635AE314}.Release|Any CPU.Build.0 = Release|Any CPU
	EndGlobalSection
	GlobalSection(SolutionProperties) = preSolution
		HideSolutionNode = FALSE
	EndGlobalSection
	GlobalSection(ExtensibilityGlobals) = postSolution
		SolutionGuid = {763F1FF0-C081-49A6-9331-140581DB1455}
	EndGlobalSection
EndGlobal
